{
  "name": "treestyletab",
  "version": "0.0.0",
  "lockfileVersion": 1,
  "requires": true,
  "dependencies": {
    "rollup": {
      "version": "0.48.2",
      "resolved": "https://registry.npmjs.org/rollup/-/rollup-0.48.2.tgz",
      "integrity": "sha512-5IOVEA87/OWQlojaAPN0WStLAhlaY7GS/5p+pA/IHReXjtc+d7IJYgRD3Y/U2LVXoD7f1SBc3ymYd4g3M/zRzQ==",
      "dev": true
    }
  }
}
